{
  "name": "node",
  "version": "1.0.0",
  "lockfileVersion": 2,
  "requires": true,
  "packages": {
    "": {
      "name": "node",
      "version": "1.0.0",
      "license": "ISC",
      "dependencies": {
        "validator": "6.1"
      }
    },
    "node_modules/validator": {
      "version": "6.1.0",
      "resolved": "https://registry.npmjs.org/validator/-/validator-6.1.0.tgz",
      "integrity": "sha512-SGw/fzL9bNQdpx3hXSD1zPxaBLcfUiDzvNf1N/Xj/qyrdNZZdqv1nOM/rjfgjl+xxElELa6OFt4dP383m/30lA==",
      "engines": {
        "node": ">= 0.10"
      }
    }
  },
  "dependencies": {
    "validator": {
      "version": "6.1.0",
      "resolved": "https://registry.npmjs.org/validator/-/validator-6.1.0.tgz",
      "integrity": "sha512-SGw/fzL9bNQdpx3hXSD1zPxaBLcfUiDzvNf1N/Xj/qyrdNZZdqv1nOM/rjfgjl+xxElELa6OFt4dP383m/30lA=="
    }
  }
}
